
Microsoft Visual Studio Solution File, Format Version 12.00
# Visual Studio Version 16
VisualStudioVersion = 16.0.29503.13
MinimumVisualStudioVersion = 10.0.40219.1
Project("{FAE04EC0-301F-11D3-BF4B-00C04F79EFBC}") = "Timer", "Timer\Timer.csproj", "{1A0177A2-A16E-4BF8-A347-C39E333A8958}"
EndProject
Global
	GlobalSection(SolutionConfigurationPlatforms) = preSolution
		Debug|Any CPU = Debug|Any CPU
		Release|Any CPU = Release|Any CPU
	EndGlobalSection
	GlobalSection(ProjectConfigurationPlatforms) = postSolution
		{1A0177A2-A16E-4BF8-A347-C39E333A8958}.Debug|Any CPU.ActiveCfg = Debug|Any CPU
		{1A0177A2-A16E-4BF8-A347-C39E333A8958}.Debug|Any CPU.Build.0 = Debug|Any CPU
		{1A0177A2-A16E-4BF8-A347-C39E333A8958}.Release|Any CPU.ActiveCfg = Release|Any CPU
		{1A0177A2-A16E-4BF8-A347-C39E333A8958}.Release|Any CPU.Build.0 = Release|Any CPU
	EndGlobalSection
	GlobalSection(SolutionProperties) = preSolution
		HideSolutionNode = FALSE
	EndGlobalSection
	GlobalSection(ExtensibilityGlobals) = postSolution
		SolutionGuid = {959ECCF6-7E79-4C0E-9300-9F4A2362C1EA}
	EndGlobalSection
EndGlobal
